// !$*UTF8*$!
{
	archiveVersion = 1;
	classes = {
	};
	objectVersion = 46;
	objects = {

/* Begin PBXBuildFile section */
		1192D5B61CACAB96009E3564 /* main.m in Sources */ = {isa = PBXBuildFile; fileRef = 1192D5B51CACAB96009E3564 /* main.m */; };
		1192D5B91CACAB96009E3564 /* AppDelegate.m in Sources */ = {isa = PBXBuildFile; fileRef = 1192D5B81CACAB96009E3564 /* AppDelegate.m */; };
		1192D5BC1CACAB96009E3564 /* ViewController.m in Sources */ = {isa = PBXBuildFile; fileRef = 1192D5BB1CACAB96009E3564 /* ViewController.m */; };
		1192D5BF1CACAB97009E3564 /* Main.storyboard in Resources */ = {isa = PBXBuildFile; fileRef = 1192D5BD1CACAB97009E3564 /* Main.storyboard */; };
		1192D5C11CACAB97009E3564 /* Assets.xcassets in Resources */ = {isa = PBXBuildFile; fileRef = 1192D5C01CACAB97009E3564 /* Assets.xcassets */; };
		1192D5C41CACAB97009E3564 /* LaunchScreen.storyboard in Resources */ = {isa = PBXBuildFile; fileRef = 1192D5C21CACAB97009E3564 /* LaunchScreen.storyboard */; };
		1192D5CF1CACAB97009E3564 /* testTelephonyTests.m in Sources */ = {isa = PBXBuildFile; fileRef = 1192D5CE1CACAB97009E3564 /* testTelephonyTests.m */; };
		1192D5DA1CACABAD009E3564 /* CoreTelephony.framework in Frameworks */ = {isa = PBXBuildFile; fileRef = 1192D5D91CACABAD009E3564 /* CoreTelephony.framework */; };
/* End PBXBuildFile section */

/* Begin PBXContainerItemProxy section */
		1192D5CB1CACAB97009E3564 /* PBXContainerItemProxy */ = {
			isa = PBXContainerItemProxy;
			containerPortal = 1192D5A91CACAB96009E3564 /* Project object */;
			proxyType = 1;
			remoteGlobalIDString = 1192D5B01CACAB96009E3564;
			remoteInfo = testTelephony;
		};
/* End PBXContainerItemProxy section */

/* Begin PBXFileReference section */
		1192D5B11CACAB96009E3564 /* testTelephony.app */ = {isa = PBXFileReference; explicitFileType = wrapper.application; includeInIndex = 0; path = testTelephony.app; sourceTree = BUILT_PRODUCTS_DIR; };
		1192D5B51CACAB96009E3564 /* main.m */ = {isa = PBXFileReference; lastKnownFileType = sourcecode.c.objc; path = main.m; sourceTree = "<group>"; };
		1192D5B71CACAB96009E3564 /* AppDelegate.h */ = {isa = PBXFileReference; lastKnownFileType = sourcecode.c.h; path = AppDelegate.h; sourceTree = "<group>"; };
		1192D5B81CACAB96009E3564 /* AppDelegate.m */ = {isa = PBXFileReference; lastKnownFileType = sourcecode.c.objc; path = AppDelegate.m; sourceTree = "<group>"; };
		1192D5BA1CACAB96009E3564 /* ViewController.h */ = {isa = PBXFileReference; lastKnownFileType = sourcecode.c.h; path = ViewController.h; sourceTree = "<group>"; };
		1192D5BB1CACAB96009E3564 /* ViewController.m */ = {isa = PBXFileReference; lastKnownFileType = sourcecode.c.objc; path = ViewController.m; sourceTree = "<group>"; };
		1192D5BE1CACAB97009E3564 /* Base */ = {isa = PBXFileReference; lastKnownFileType = file.storyboard; name = Base; path = Base.lproj/Main.storyboard; sourceTree = "<group>"; };
		1192D5C01CACAB97009E3564 /* Assets.xcassets */ = {isa = PBXFileReference; lastKnownFileType = folder.assetcatalog; path = Assets.xcassets; sourceTree = "<group>"; };
		1192D5C31CACAB97009E3564 /* Base */ = {isa = PBXFileReference; lastKnownFileType = file.storyboard; name = Base; path = Base.lproj/LaunchScreen.storyboard; sourceTree = "<group>"; };
		1192D5C51CACAB97009E3564 /* Info.plist */ = {isa = PBXFileReference; lastKnownFileType = text.plist.xml; path = Info.plist; sourceTree = "<group>"; };
		1192D5CA1CACAB97009E3564 /* testTelephonyTests.xctest */ = {isa = PBXFileReference; explicitFileType = wrapper.cfbundle; includeInIndex = 0; path = testTelephonyTests.xctest; sourceTree = BUILT_PRODUCTS_DIR; };
		1192D5CE1CACAB97009E3564 /* testTelephonyTests.m */ = {isa = PBXFileReference; lastKnownFileType = sourcecode.c.objc; path = testTelephonyTests.m; sourceTree = "<group>"; };
		1192D5D01CACAB97009E3564 /* Info.plist */ = {isa = PBXFileReference; lastKnownFileType = text.plist.xml; path = Info.plist; sourceTree = "<group>"; };
		1192D5D91CACABAD009E3564 /* CoreTelephony.framework */ = {isa = PBXFileReference; lastKnownFileType = wrapper.framework; name = CoreTelephony.framework; path = System/Library/Frameworks/CoreTelephony.framework; sourceTree = SDKROOT; };
/* End PBXFileReference section */

/* Begin PBXFrameworksBuildPhase section */
		1192D5AE1CACAB96009E3564 /* Frameworks */ = {
			isa = PBXFrameworksBuildPhase;
			buildActionMask = 2147483647;
			files = (
				1192D5DA1CACABAD009E3564 /* CoreTelephony.framework in Frameworks */,
			);
			runOnlyForDeploymentPostprocessing = 0;
		};
		1192D5C71CACAB97009E3564 /* Frameworks */ = {
			isa = PBXFrameworksBuildPhase;
			buildActionMask = 2147483647;
			files = (
			);
			runOnlyForDeploymentPostprocessing = 0;
		};
/* End PBXFrameworksBuildPhase section */

/* Begin PBXGroup section */
		1192D5A81CACAB96009E3564 = {
			isa = PBXGroup;
			children = (
				1192D5B31CACAB96009E3564 /* testTelephony */,
				1192D5CD1CACAB97009E3564 /* testTelephonyTests */,
				1192D5B21CACAB96009E3564 /* Products */,
			);
			sourceTree = "<group>";
		};
		1192D5B21CACAB96009E3564 /* Products */ = {
			isa = PBXGroup;
			children = (
				1192D5B11CACAB96009E3564 /* testTelephony.app */,
				1192D5CA1CACAB97009E3564 /* testTelephonyTests.xctest */,
			);
			name = Products;
			sourceTree = "<group>";
		};
		1192D5B31CACAB96009E3564 /* testTelephony */ = {
			isa = PBXGroup;
			children = (
				1192D5B71CACAB96009E3564 /* AppDelegate.h */,
				1192D5B81CACAB96009E3564 /* AppDelegate.m */,
				1192D5BA1CACAB96009E3564 /* ViewController.h */,
				1192D5BB1CACAB96009E3564 /* ViewController.m */,
				1192D5BD1CACAB97009E3564 /* Main.storyboard */,
				1192D5C01CACAB97009E3564 /* Assets.xcassets */,
				1192D5C21CACAB97009E3564 /* LaunchScreen.storyboard */,
				1192D5C51CACAB97009E3564 /* Info.plist */,
				1192D5B41CACAB96009E3564 /* Supporting Files */,
			);
			path = testTelephony;
			sourceTree = "<group>";
		};
		1192D5B41CACAB96009E3564 /* Supporting Files */ = {
			isa = PBXGroup;
			children = (
				1192D5D91CACABAD009E3564 /* CoreTelephony.framework */,
				1192D5B51CACAB96009E3564 /* main.m */,
			);
			name = "Supporting Files";
			sourceTree = "<group>";
		};
		1192D5CD1CACAB97009E3564 /* testTelephonyTests */ = {
			isa = PBXGroup;
			children = (
				1192D5CE1CACAB97009E3564 /* testTelephonyTests.m */,
				1192D5D01CACAB97009E3564 /* Info.plist */,
			);
			path = testTelephonyTests;
			sourceTree = "<group>";
		};
/* End PBXGroup section */

/* Begin PBXNativeTarget section */
		1192D5B01CACAB96009E3564 /* testTelephony */ = {
			isa = PBXNativeTarget;
			buildConfigurationList = 1192D5D31CACAB97009E3564 /* Build configuration list for PBXNativeTarget "testTelephony" */;
			buildPhases = (
				1192D5AD1CACAB96009E3564 /* Sources */,
				1192D5AE1CACAB96009E3564 /* Frameworks */,
				1192D5AF1CACAB96009E3564 /* Resources */,
			);
			buildRules = (
			);
			dependencies = (
			);
			name = testTelephony;
			productName = testTelephony;
			productReference = 1192D5B11CACAB96009E3564 /* testTelephony.app */;
			productType = "com.apple.product-type.application";
		};
		1192D5C91CACAB97009E3564 /* testTelephonyTests */ = {
			isa = PBXNativeTarget;
			buildConfigurationList = 1192D5D61CACAB97009E3564 /* Build configuration list for PBXNativeTarget "testTelephonyTests" */;
			buildPhases = (
				1192D5C61CACAB97009E3564 /* Sources */,
				1192D5C71CACAB97009E3564 /* Frameworks */,
				1192D5C81CACAB97009E3564 /* Resources */,
			);
			buildRules = (
			);
			dependencies = (
				1192D5CC1CACAB97009E3564 /* PBXTargetDependency */,
			);
			name = testTelephonyTests;
			productName = testTelephonyTests;
			productReference = 1192D5CA1CACAB97009E3564 /* testTelephonyTests.xctest */;
			productType = "com.apple.product-type.bundle.unit-test";
		};
/* End PBXNativeTarget section */

/* Begin PBXProject section */
		1192D5A91CACAB96009E3564 /* Project object */ = {
			isa = PBXProject;
			attributes = {
				LastUpgradeCheck = 0720;
				ORGANIZATIONNAME = "赵腾飞";
				TargetAttributes = {
					1192D5B01CACAB96009E3564 = {
						CreatedOnToolsVersion = 7.2;
						DevelopmentTeam = 76ZWVJ2G72;
					};
					1192D5C91CACAB97009E3564 = {
						CreatedOnToolsVersion = 7.2;
						TestTargetID = 1192D5B01CACAB96009E3564;
					};
				};
			};
			buildConfigurationList = 1192D5AC1CACAB96009E3564 /* Build configuration list for PBXProject "testTelephony" */;
			compatibilityVersion = "Xcode 3.2";
			developmentRegion = English;
			hasScannedForEncodings = 0;
			knownRegions = (
				en,
				Base,
			);
			mainGroup = 1192D5A81CACAB96009E3564;
			productRefGroup = 1192D5B21CACAB96009E3564 /* Products */;
			projectDirPath = "";
			projectRoot = "";
			targets = (
				1192D5B01CACAB96009E3564 /* testTelephony */,
				1192D5C91CACAB97009E3564 /* testTelephonyTests */,
			);
		};
/* End PBXProject section */

/* Begin PBXResourcesBuildPhase section */
		1192D5AF1CACAB96009E3564 /* Resources */ = {
			isa = PBXResourcesBuildPhase;
			buildActionMask = 2147483647;
			files = (
				1192D5C41CACAB97009E3564 /* LaunchScreen.storyboard in Resources */,
				1192D5C11CACAB97009E3564 /* Assets.xcassets in Resources */,
				1192D5BF1CACAB97009E3564 /* Main.storyboard in Resources */,
			);
			runOnlyForDeploymentPostprocessing = 0;
		};
		1192D5C81CACAB97009E3564 /* Resources */ = {
			isa = PBXResourcesBuildPhase;
			buildActionMask = 2147483647;
			files = (
			);
			runOnlyForDeploymentPostprocessing = 0;
		};
/* End PBXResourcesBuildPhase section */

/* Begin PBXSourcesBuildPhase section */
		1192D5AD1CACAB96009E3564 /* Sources */ = {
			isa = PBXSourcesBuildPhase;
			buildActionMask = 2147483647;
			files = (
				1192D5BC1CACAB96009E3564 /* ViewController.m in Sources */,
				1192D5B91CACAB96009E3564 /* AppDelegate.m in Sources */,
				1192D5B61CACAB96009E3564 /* main.m in Sources */,
			);
			runOnlyForDeploymentPostprocessing = 0;
		};
		1192D5C61CACAB97009E3564 /* Sources */ = {
			isa = PBXSourcesBuildPhase;
			buildActionMask = 2147483647;
			files = (
				1192D5CF1CACAB97009E3564 /* testTelephonyTests.m in Sources */,
			);
			runOnlyForDeploymentPostprocessing = 0;
		};
/* End PBXSourcesBuildPhase section */

/* Begin PBXTargetDependency section */
		1192D5CC1CACAB97009E3564 /* PBXTargetDependency */ = {
			isa = PBXTargetDependency;
			target = 1192D5B01CACAB96009E3564 /* testTelephony */;
			targetProxy = 1192D5CB1CACAB97009E3564 /* PBXContainerItemProxy */;
		};
/* End PBXTargetDependency section */

/* Begin PBXVariantGroup section */
		1192D5BD1CACAB97009E3564 /* Main.storyboard */ = {
			isa = PBXVariantGroup;
			children = (
				1192D5BE1CACAB97009E3564 /* Base */,
			);
			name = Main.storyboard;
			sourceTree = "<group>";
		};
		1192D5C21CACAB97009E3564 /* LaunchScreen.storyboard */ = {
			isa = PBXVariantGroup;
			children = (
				1192D5C31CACAB97009E3564 /* Base */,
			);
			name = LaunchScreen.storyboard;
			sourceTree = "<group>";
		};
/* End PBXVariantGroup section */

/* Begin XCBuildConfiguration section */
		1192D5D11CACAB97009E3564 /* Debug */ = {
			isa = XCBuildConfiguration;
			buildSettings = {
				ALWAYS_SEARCH_USER_PATHS = NO;
				CLANG_CXX_LANGUAGE_STANDARD = "gnu++0x";
				CLANG_CXX_LIBRARY = "libc++";
				CLANG_ENABLE_MODULES = YES;
				CLANG_ENABLE_OBJC_ARC = YES;
				CLANG_WARN_BOOL_CONVERSION = YES;
				CLANG_WARN_CONSTANT_CONVERSION = YES;
				CLANG_WARN_DIRECT_OBJC_ISA_USAGE = YES_ERROR;
				CLANG_WARN_EMPTY_BODY = YES;
				CLANG_WARN_ENUM_CONVERSION = YES;
				CLANG_WARN_INT_CONVERSION = YES;
				CLANG_WARN_OBJC_ROOT_CLASS = YES_ERROR;
				CLANG_WARN_UNREACHABLE_CODE = YES;
				CLANG_WARN__DUPLICATE_METHOD_MATCH = YES;
				"CODE_SIGN_IDENTITY[sdk=iphoneos*]" = "iPhone Developer";
				COPY_PHASE_STRIP = NO;
				DEBUG_INFORMATION_FORMAT = dwarf;
				ENABLE_STRICT_OBJC_MSGSEND = YES;
				ENABLE_TESTABILITY = YES;
				GCC_C_LANGUAGE_STANDARD = gnu99;
				GCC_DYNAMIC_NO_PIC = NO;
				GCC_NO_COMMON_BLOCKS = YES;
				GCC_OPTIMIZATION_LEVEL = 0;
				GCC_PREPROCESSOR_DEFINITIONS = (
					"DEBUG=1",
					"$(inherited)",
				);
				GCC_WARN_64_TO_32_BIT_CONVERSION = YES;
				GCC_WARN_ABOUT_RETURN_TYPE = YES_ERROR;
				GCC_WARN_UNDECLARED_SELECTOR = YES;
				GCC_WARN_UNINITIALIZED_AUTOS = YES_AGGRESSIVE;
				GCC_WARN_UNUSED_FUNCTION = YES;
				GCC_WARN_UNUSED_VARIABLE = YES;
				IPHONEOS_DEPLOYMENT_TARGET = 9.2;
				MTL_ENABLE_DEBUG_INFO = YES;
				ONLY_ACTIVE_ARCH = YES;
				SDKROOT = iphoneos;
			};
			name = Debug;
		};
		1192D5D21CACAB97009E3564 /* Release */ = {
			isa = XCBuildConfiguration;
			buildSettings = {
				ALWAYS_SEARCH_USER_PATHS = NO;
				CLANG_CXX_LANGUAGE_STANDARD = "gnu++0x";
				CLANG_CXX_LIBRARY = "libc++";
				CLANG_ENABLE_MODULES = YES;
				CLANG_ENABLE_OBJC_ARC = YES;
				CLANG_WARN_BOOL_CONVERSION = YES;
				CLANG_WARN_CONSTANT_CONVERSION = YES;
				CLANG_WARN_DIRECT_OBJC_ISA_USAGE = YES_ERROR;
				CLANG_WARN_EMPTY_BODY = YES;
				CLANG_WARN_ENUM_CONVERSION = YES;
				CLANG_WARN_INT_CONVERSION = YES;
				CLANG_WARN_OBJC_ROOT_CLASS = YES_ERROR;
				CLANG_WARN_UNREACHABLE_CODE = YES;
				CLANG_WARN__DUPLICATE_METHOD_MATCH = YES;
				"CODE_SIGN_IDENTITY[sdk=iphoneos*]" = "iPhone Developer";
				COPY_PHASE_STRIP = NO;
				DEBUG_INFORMATION_FORMAT = "dwarf-with-dsym";
				ENABLE_NS_ASSERTIONS = NO;
				ENABLE_STRICT_OBJC_MSGSEND = YES;
				GCC_C_LANGUAGE_STANDARD = gnu99;
				GCC_NO_COMMON_BLOCKS = YES;
				GCC_WARN_64_TO_32_BIT_CONVERSION = YES;
				GCC_WARN_ABOUT_RETURN_TYPE = YES_ERROR;
				GCC_WARN_UNDECLARED_SELECTOR = YES;
				GCC_WARN_UNINITIALIZED_AUTOS = YES_AGGRESSIVE;
				GCC_WARN_UNUSED_FUNCTION = YES;
				GCC_WARN_UNUSED_VARIABLE = YES;
				IPHONEOS_DEPLOYMENT_TARGET = 9.2;
				MTL_ENABLE_DEBUG_INFO = NO;
				SDKROOT = iphoneos;
				VALIDATE_PRODUCT = YES;
			};
			name = Release;
		};
		1192D5D41CACAB97009E3564 /* Debug */ = {
			isa = XCBuildConfiguration;
			buildSettings = {
				ASSETCATALOG_COMPILER_APPICON_NAME = AppIcon;
				CODE_SIGN_IDENTITY = "iPhone Developer";
				INFOPLIST_FILE = testTelephony/Info.plist;
				LD_RUNPATH_SEARCH_PATHS = "$(inherited) @executable_path/Frameworks";
				PRODUCT_BUNDLE_IDENTIFIER = com.ztf.testTelephony;
				PRODUCT_NAME = "$(TARGET_NAME)";
			};
			name = Debug;
		};
		1192D5D51CACAB97009E3564 /* Release */ = {
			isa = XCBuildConfiguration;
			buildSettings = {
				ASSETCATALOG_COMPILER_APPICON_NAME = AppIcon;
				CODE_SIGN_IDENTITY = "iPhone Developer";
				INFOPLIST_FILE = testTelephony/Info.plist;
				LD_RUNPATH_SEARCH_PATHS = "$(inherited) @executable_path/Frameworks";
				PRODUCT_BUNDLE_IDENTIFIER = com.ztf.testTelephony;
				PRODUCT_NAME = "$(TARGET_NAME)";
			};
			name = Release;
		};
		1192D5D71CACAB97009E3564 /* Debug */ = {
			isa = XCBuildConfiguration;
			buildSettings = {
				BUNDLE_LOADER = "$(TEST_HOST)";
				INFOPLIST_FILE = testTelephonyTests/Info.plist;
				LD_RUNPATH_SEARCH_PATHS = "$(inherited) @executable_path/Frameworks @loader_path/Frameworks";
				PRODUCT_BUNDLE_IDENTIFIER = com.tanlei.testTelephonyTests;
				PRODUCT_NAME = "$(TARGET_NAME)";
				TEST_HOST = "$(BUILT_PRODUCTS_DIR)/testTelephony.app/testTelephony";
			};
			name = Debug;
		};
		1192D5D81CACAB97009E3564 /* Release */ = {
			isa = XCBuildConfiguration;
			buildSettings = {
				BUNDLE_LOADER = "$(TEST_HOST)";
				INFOPLIST_FILE = testTelephonyTests/Info.plist;
				LD_RUNPATH_SEARCH_PATHS = "$(inherited) @executable_path/Frameworks @loader_path/Frameworks";
				PRODUCT_BUNDLE_IDENTIFIER = com.tanlei.testTelephonyTests;
				PRODUCT_NAME = "$(TARGET_NAME)";
				TEST_HOST = "$(BUILT_PRODUCTS_DIR)/testTelephony.app/testTelephony";
			};
			name = Release;
		};
/* End XCBuildConfiguration section */

/* Begin XCConfigurationList section */
		1192D5AC1CACAB96009E3564 /* Build configuration list for PBXProject "testTelephony" */ = {
			isa = XCConfigurationList;
			buildConfigurations = (
				1192D5D11CACAB97009E3564 /* Debug */,
				1192D5D21CACAB97009E3564 /* Release */,
			);
			defaultConfigurationIsVisible = 0;
			defaultConfigurationName = Release;
		};
		1192D5D31CACAB97009E3564 /* Build configuration list for PBXNativeTarget "testTelephony" */ = {
			isa = XCConfigurationList;
			buildConfigurations = (
				1192D5D41CACAB97009E3564 /* Debug */,
				1192D5D51CACAB97009E3564 /* Release */,
			);
			defaultConfigurationIsVisible = 0;
		};
		1192D5D61CACAB97009E3564 /* Build configuration list for PBXNativeTarget "testTelephonyTests" */ = {
			isa = XCConfigurationList;
			buildConfigurations = (
				1192D5D71CACAB97009E3564 /* Debug */,
				1192D5D81CACAB97009E3564 /* Release */,
			);
			defaultConfigurationIsVisible = 0;
		};
/* End XCConfigurationList section */
	};
	rootObject = 1192D5A91CACAB96009E3564 /* Project object */;
}
